// !$*UTF8*$!
{
	archiveVersion = 1;
	classes = {
	};
	objectVersion = 46;
	objects = {

/* Begin PBXBuildFile section */
		B254B5261ADF5D3D00BF6545 /* AppDelegate.swift in Sources */ = {isa = PBXBuildFile; fileRef = B254B5251ADF5D3D00BF6545 /* AppDelegate.swift */; };
		B254B5281ADF5D3D00BF6545 /* ViewController.swift in Sources */ = {isa = PBXBuildFile; fileRef = B254B5271ADF5D3D00BF6545 /* ViewController.swift */; };
		B254B52B1ADF5D3D00BF6545 /* Main.storyboard in Resources */ = {isa = PBXBuildFile; fileRef = B254B5291ADF5D3D00BF6545 /* Main.storyboard */; };
		B254B52D1ADF5D3D00BF6545 /* Images.xcassets in Resources */ = {isa = PBXBuildFile; fileRef = B254B52C1ADF5D3D00BF6545 /* Images.xcassets */; };
		B254B5301ADF5D3D00BF6545 /* LaunchScreen.xib in Resources */ = {isa = PBXBuildFile; fileRef = B254B52E1ADF5D3D00BF6545 /* LaunchScreen.xib */; };
		B254B53C1ADF5D3D00BF6545 /* WebServiceFastMovieTests.swift in Sources */ = {isa = PBXBuildFile; fileRef = B254B53B1ADF5D3D00BF6545 /* WebServiceFastMovieTests.swift */; };
		B254B5471ADFC4B800BF6545 /* cinema.jpg in Resources */ = {isa = PBXBuildFile; fileRef = B254B5461ADFC4B800BF6545 /* cinema.jpg */; };
		B254B5491ADFC83800BF6545 /* Theatre.jpg in Resources */ = {isa = PBXBuildFile; fileRef = B254B5481ADFC83800BF6545 /* Theatre.jpg */; };
/* End PBXBuildFile section */

/* Begin PBXContainerItemProxy section */
		B254B5361ADF5D3D00BF6545 /* PBXContainerItemProxy */ = {
			isa = PBXContainerItemProxy;
			containerPortal = B254B5181ADF5D3D00BF6545 /* Project object */;
			proxyType = 1;
			remoteGlobalIDString = B254B51F1ADF5D3D00BF6545;
			remoteInfo = WebServiceFastMovie;
		};
/* End PBXContainerItemProxy section */

/* Begin PBXFileReference section */
		B254B5201ADF5D3D00BF6545 /* WebServiceFastMovie.app */ = {isa = PBXFileReference; explicitFileType = wrapper.application; includeInIndex = 0; path = WebServiceFastMovie.app; sourceTree = BUILT_PRODUCTS_DIR; };
		B254B5241ADF5D3D00BF6545 /* Info.plist */ = {isa = PBXFileReference; lastKnownFileType = text.plist.xml; path = Info.plist; sourceTree = "<group>"; };
		B254B5251ADF5D3D00BF6545 /* AppDelegate.swift */ = {isa = PBXFileReference; lastKnownFileType = sourcecode.swift; path = AppDelegate.swift; sourceTree = "<group>"; };
		B254B5271ADF5D3D00BF6545 /* ViewController.swift */ = {isa = PBXFileReference; lastKnownFileType = sourcecode.swift; path = ViewController.swift; sourceTree = "<group>"; };
		B254B52A1ADF5D3D00BF6545 /* Base */ = {isa = PBXFileReference; lastKnownFileType = file.storyboard; name = Base; path = Base.lproj/Main.storyboard; sourceTree = "<group>"; };
		B254B52C1ADF5D3D00BF6545 /* Images.xcassets */ = {isa = PBXFileReference; lastKnownFileType = folder.assetcatalog; path = Images.xcassets; sourceTree = "<group>"; };
		B254B52F1ADF5D3D00BF6545 /* Base */ = {isa = PBXFileReference; lastKnownFileType = file.xib; name = Base; path = Base.lproj/LaunchScreen.xib; sourceTree = "<group>"; };
		B254B5351ADF5D3D00BF6545 /* WebServiceFastMovieTests.xctest */ = {isa = PBXFileReference; explicitFileType = wrapper.cfbundle; includeInIndex = 0; path = WebServiceFastMovieTests.xctest; sourceTree = BUILT_PRODUCTS_DIR; };
		B254B53A1ADF5D3D00BF6545 /* Info.plist */ = {isa = PBXFileReference; lastKnownFileType = text.plist.xml; path = Info.plist; sourceTree = "<group>"; };
		B254B53B1ADF5D3D00BF6545 /* WebServiceFastMovieTests.swift */ = {isa = PBXFileReference; lastKnownFileType = sourcecode.swift; path = WebServiceFastMovieTests.swift; sourceTree = "<group>"; };
		B254B5461ADFC4B800BF6545 /* cinema.jpg */ = {isa = PBXFileReference; lastKnownFileType = image.jpeg; path = cinema.jpg; sourceTree = "<group>"; };
		B254B5481ADFC83800BF6545 /* Theatre.jpg */ = {isa = PBXFileReference; lastKnownFileType = image.jpeg; path = Theatre.jpg; sourceTree = "<group>"; };
/* End PBXFileReference section */

/* Begin PBXFrameworksBuildPhase section */
		B254B51D1ADF5D3D00BF6545 /* Frameworks */ = {
			isa = PBXFrameworksBuildPhase;
			buildActionMask = 2147483647;
			files = (
			);
			runOnlyForDeploymentPostprocessing = 0;
		};
		B254B5321ADF5D3D00BF6545 /* Frameworks */ = {
			isa = PBXFrameworksBuildPhase;
			buildActionMask = 2147483647;
			files = (
			);
			runOnlyForDeploymentPostprocessing = 0;
		};
/* End PBXFrameworksBuildPhase section */

/* Begin PBXGroup section */
		B254B5171ADF5D3D00BF6545 = {
			isa = PBXGroup;
			children = (
				B254B5221ADF5D3D00BF6545 /* WebServiceFastMovie */,
				B254B5381ADF5D3D00BF6545 /* WebServiceFastMovieTests */,
				B254B5211ADF5D3D00BF6545 /* Products */,
			);
			sourceTree = "<group>";
		};
		B254B5211ADF5D3D00BF6545 /* Products */ = {
			isa = PBXGroup;
			children = (
				B254B5201ADF5D3D00BF6545 /* WebServiceFastMovie.app */,
				B254B5351ADF5D3D00BF6545 /* WebServiceFastMovieTests.xctest */,
			);
			name = Products;
			sourceTree = "<group>";
		};
		B254B5221ADF5D3D00BF6545 /* WebServiceFastMovie */ = {
			isa = PBXGroup;
			children = (
				B254B5251ADF5D3D00BF6545 /* AppDelegate.swift */,
				B254B5271ADF5D3D00BF6545 /* ViewController.swift */,
				B254B5291ADF5D3D00BF6545 /* Main.storyboard */,
				B254B52C1ADF5D3D00BF6545 /* Images.xcassets */,
				B254B52E1ADF5D3D00BF6545 /* LaunchScreen.xib */,
				B254B5231ADF5D3D00BF6545 /* Supporting Files */,
			);
			path = WebServiceFastMovie;
			sourceTree = "<group>";
		};
		B254B5231ADF5D3D00BF6545 /* Supporting Files */ = {
			isa = PBXGroup;
			children = (
				B254B5241ADF5D3D00BF6545 /* Info.plist */,
			);
			name = "Supporting Files";
			sourceTree = "<group>";
		};
		B254B5381ADF5D3D00BF6545 /* WebServiceFastMovieTests */ = {
			isa = PBXGroup;
			children = (
				B254B53B1ADF5D3D00BF6545 /* WebServiceFastMovieTests.swift */,
				B254B5391ADF5D3D00BF6545 /* Supporting Files */,
			);
			path = WebServiceFastMovieTests;
			sourceTree = "<group>";
		};
		B254B5391ADF5D3D00BF6545 /* Supporting Files */ = {
			isa = PBXGroup;
			children = (
				B254B5451ADFC48400BF6545 /* Images */,
				B254B53A1ADF5D3D00BF6545 /* Info.plist */,
			);
			name = "Supporting Files";
			sourceTree = "<group>";
		};
		B254B5451ADFC48400BF6545 /* Images */ = {
			isa = PBXGroup;
			children = (
				B254B5481ADFC83800BF6545 /* Theatre.jpg */,
				B254B5461ADFC4B800BF6545 /* cinema.jpg */,
			);
			name = Images;
			path = ../WebServiceFastMovie;
			sourceTree = "<group>";
		};
/* End PBXGroup section */

/* Begin PBXNativeTarget section */
		B254B51F1ADF5D3D00BF6545 /* WebServiceFastMovie */ = {
			isa = PBXNativeTarget;
			buildConfigurationList = B254B53F1ADF5D3D00BF6545 /* Build configuration list for PBXNativeTarget "WebServiceFastMovie" */;
			buildPhases = (
				B254B51C1ADF5D3D00BF6545 /* Sources */,
				B254B51D1ADF5D3D00BF6545 /* Frameworks */,
				B254B51E1ADF5D3D00BF6545 /* Resources */,
			);
			buildRules = (
			);
			dependencies = (
			);
			name = WebServiceFastMovie;
			productName = WebServiceFastMovie;
			productReference = B254B5201ADF5D3D00BF6545 /* WebServiceFastMovie.app */;
			productType = "com.apple.product-type.application";
		};
		B254B5341ADF5D3D00BF6545 /* WebServiceFastMovieTests */ = {
			isa = PBXNativeTarget;
			buildConfigurationList = B254B5421ADF5D3D00BF6545 /* Build configuration list for PBXNativeTarget "WebServiceFastMovieTests" */;
			buildPhases = (
				B254B5311ADF5D3D00BF6545 /* Sources */,
				B254B5321ADF5D3D00BF6545 /* Frameworks */,
				B254B5331ADF5D3D00BF6545 /* Resources */,
			);
			buildRules = (
			);
			dependencies = (
				B254B5371ADF5D3D00BF6545 /* PBXTargetDependency */,
			);
			name = WebServiceFastMovieTests;
			productName = WebServiceFastMovieTests;
			productReference = B254B5351ADF5D3D00BF6545 /* WebServiceFastMovieTests.xctest */;
			productType = "com.apple.product-type.bundle.unit-test";
		};
/* End PBXNativeTarget section */

/* Begin PBXProject section */
		B254B5181ADF5D3D00BF6545 /* Project object */ = {
			isa = PBXProject;
			attributes = {
				LastUpgradeCheck = 0610;
				ORGANIZATIONNAME = "Frejya Soft";
				TargetAttributes = {
					B254B51F1ADF5D3D00BF6545 = {
						CreatedOnToolsVersion = 6.1.1;
					};
					B254B5341ADF5D3D00BF6545 = {
						CreatedOnToolsVersion = 6.1.1;
						TestTargetID = B254B51F1ADF5D3D00BF6545;
					};
				};
			};
			buildConfigurationList = B254B51B1ADF5D3D00BF6545 /* Build configuration list for PBXProject "WebServiceFastMovie" */;
			compatibilityVersion = "Xcode 3.2";
			developmentRegion = English;
			hasScannedForEncodings = 0;
			knownRegions = (
				en,
				Base,
			);
			mainGroup = B254B5171ADF5D3D00BF6545;
			productRefGroup = B254B5211ADF5D3D00BF6545 /* Products */;
			projectDirPath = "";
			projectRoot = "";
			targets = (
				B254B51F1ADF5D3D00BF6545 /* WebServiceFastMovie */,
				B254B5341ADF5D3D00BF6545 /* WebServiceFastMovieTests */,
			);
		};
/* End PBXProject section */

/* Begin PBXResourcesBuildPhase section */
		B254B51E1ADF5D3D00BF6545 /* Resources */ = {
			isa = PBXResourcesBuildPhase;
			buildActionMask = 2147483647;
			files = (
				B254B52B1ADF5D3D00BF6545 /* Main.storyboard in Resources */,
				B254B5301ADF5D3D00BF6545 /* LaunchScreen.xib in Resources */,
				B254B52D1ADF5D3D00BF6545 /* Images.xcassets in Resources */,
			);
			runOnlyForDeploymentPostprocessing = 0;
		};
		B254B5331ADF5D3D00BF6545 /* Resources */ = {
			isa = PBXResourcesBuildPhase;
			buildActionMask = 2147483647;
			files = (
				B254B5471ADFC4B800BF6545 /* cinema.jpg in Resources */,
				B254B5491ADFC83800BF6545 /* Theatre.jpg in Resources */,
			);
			runOnlyForDeploymentPostprocessing = 0;
		};
/* End PBXResourcesBuildPhase section */

/* Begin PBXSourcesBuildPhase section */
		B254B51C1ADF5D3D00BF6545 /* Sources */ = {
			isa = PBXSourcesBuildPhase;
			buildActionMask = 2147483647;
			files = (
				B254B5281ADF5D3D00BF6545 /* ViewController.swift in Sources */,
				B254B5261ADF5D3D00BF6545 /* AppDelegate.swift in Sources */,
			);
			runOnlyForDeploymentPostprocessing = 0;
		};
		B254B5311ADF5D3D00BF6545 /* Sources */ = {
			isa = PBXSourcesBuildPhase;
			buildActionMask = 2147483647;
			files = (
				B254B53C1ADF5D3D00BF6545 /* WebServiceFastMovieTests.swift in Sources */,
			);
			runOnlyForDeploymentPostprocessing = 0;
		};
/* End PBXSourcesBuildPhase section */

/* Begin PBXTargetDependency section */
		B254B5371ADF5D3D00BF6545 /* PBXTargetDependency */ = {
			isa = PBXTargetDependency;
			target = B254B51F1ADF5D3D00BF6545 /* WebServiceFastMovie */;
			targetProxy = B254B5361ADF5D3D00BF6545 /* PBXContainerItemProxy */;
		};
/* End PBXTargetDependency section */

/* Begin PBXVariantGroup section */
		B254B5291ADF5D3D00BF6545 /* Main.storyboard */ = {
			isa = PBXVariantGroup;
			children = (
				B254B52A1ADF5D3D00BF6545 /* Base */,
			);
			name = Main.storyboard;
			sourceTree = "<group>";
		};
		B254B52E1ADF5D3D00BF6545 /* LaunchScreen.xib */ = {
			isa = PBXVariantGroup;
			children = (
				B254B52F1ADF5D3D00BF6545 /* Base */,
			);
			name = LaunchScreen.xib;
			sourceTree = "<group>";
		};
/* End PBXVariantGroup section */

/* Begin XCBuildConfiguration section */
		B254B53D1ADF5D3D00BF6545 /* Debug */ = {
			isa = XCBuildConfiguration;
			buildSettings = {
				ALWAYS_SEARCH_USER_PATHS = NO;
				CLANG_CXX_LANGUAGE_STANDARD = "gnu++0x";
				CLANG_CXX_LIBRARY = "libc++";
				CLANG_ENABLE_MODULES = YES;
				CLANG_ENABLE_OBJC_ARC = YES;
				CLANG_WARN_BOOL_CONVERSION = YES;
				CLANG_WARN_CONSTANT_CONVERSION = YES;
				CLANG_WARN_DIRECT_OBJC_ISA_USAGE = YES_ERROR;
				CLANG_WARN_EMPTY_BODY = YES;
				CLANG_WARN_ENUM_CONVERSION = YES;
				CLANG_WARN_INT_CONVERSION = YES;
				CLANG_WARN_OBJC_ROOT_CLASS = YES_ERROR;
				CLANG_WARN_UNREACHABLE_CODE = YES;
				CLANG_WARN__DUPLICATE_METHOD_MATCH = YES;
				"CODE_SIGN_IDENTITY[sdk=iphoneos*]" = "iPhone Developer";
				COPY_PHASE_STRIP = NO;
				ENABLE_STRICT_OBJC_MSGSEND = YES;
				GCC_C_LANGUAGE_STANDARD = gnu99;
				GCC_DYNAMIC_NO_PIC = NO;
				GCC_OPTIMIZATION_LEVEL = 0;
				GCC_PREPROCESSOR_DEFINITIONS = (
					"DEBUG=1",
					"$(inherited)",
				);
				GCC_SYMBOLS_PRIVATE_EXTERN = NO;
				GCC_WARN_64_TO_32_BIT_CONVERSION = YES;
				GCC_WARN_ABOUT_RETURN_TYPE = YES_ERROR;
				GCC_WARN_UNDECLARED_SELECTOR = YES;
				GCC_WARN_UNINITIALIZED_AUTOS = YES_AGGRESSIVE;
				GCC_WARN_UNUSED_FUNCTION = YES;
				GCC_WARN_UNUSED_VARIABLE = YES;
				IPHONEOS_DEPLOYMENT_TARGET = 8.1;
				MTL_ENABLE_DEBUG_INFO = YES;
				ONLY_ACTIVE_ARCH = YES;
				SDKROOT = iphoneos;
				SWIFT_OPTIMIZATION_LEVEL = "-Onone";
			};
			name = Debug;
		};
		B254B53E1ADF5D3D00BF6545 /* Release */ = {
			isa = XCBuildConfiguration;
			buildSettings = {
				ALWAYS_SEARCH_USER_PATHS = NO;
				CLANG_CXX_LANGUAGE_STANDARD = "gnu++0x";
				CLANG_CXX_LIBRARY = "libc++";
				CLANG_ENABLE_MODULES = YES;
				CLANG_ENABLE_OBJC_ARC = YES;
				CLANG_WARN_BOOL_CONVERSION = YES;
				CLANG_WARN_CONSTANT_CONVERSION = YES;
				CLANG_WARN_DIRECT_OBJC_ISA_USAGE = YES_ERROR;
				CLANG_WARN_EMPTY_BODY = YES;
				CLANG_WARN_ENUM_CONVERSION = YES;
				CLANG_WARN_INT_CONVERSION = YES;
				CLANG_WARN_OBJC_ROOT_CLASS = YES_ERROR;
				CLANG_WARN_UNREACHABLE_CODE = YES;
				CLANG_WARN__DUPLICATE_METHOD_MATCH = YES;
				"CODE_SIGN_IDENTITY[sdk=iphoneos*]" = "iPhone Developer";
				COPY_PHASE_STRIP = YES;
				ENABLE_NS_ASSERTIONS = NO;
				ENABLE_STRICT_OBJC_MSGSEND = YES;
				GCC_C_LANGUAGE_STANDARD = gnu99;
				GCC_WARN_64_TO_32_BIT_CONVERSION = YES;
				GCC_WARN_ABOUT_RETURN_TYPE = YES_ERROR;
				GCC_WARN_UNDECLARED_SELECTOR = YES;
				GCC_WARN_UNINITIALIZED_AUTOS = YES_AGGRESSIVE;
				GCC_WARN_UNUSED_FUNCTION = YES;
				GCC_WARN_UNUSED_VARIABLE = YES;
				IPHONEOS_DEPLOYMENT_TARGET = 8.1;
				MTL_ENABLE_DEBUG_INFO = NO;
				SDKROOT = iphoneos;
				VALIDATE_PRODUCT = YES;
			};
			name = Release;
		};
		B254B5401ADF5D3D00BF6545 /* Debug */ = {
			isa = XCBuildConfiguration;
			buildSettings = {
				ASSETCATALOG_COMPILER_APPICON_NAME = AppIcon;
				INFOPLIST_FILE = WebServiceFastMovie/Info.plist;
				LD_RUNPATH_SEARCH_PATHS = "$(inherited) @executable_path/Frameworks";
				PRODUCT_NAME = "$(TARGET_NAME)";
			};
			name = Debug;
		};
		B254B5411ADF5D3D00BF6545 /* Release */ = {
			isa = XCBuildConfiguration;
			buildSettings = {
				ASSETCATALOG_COMPILER_APPICON_NAME = AppIcon;
				INFOPLIST_FILE = WebServiceFastMovie/Info.plist;
				LD_RUNPATH_SEARCH_PATHS = "$(inherited) @executable_path/Frameworks";
				PRODUCT_NAME = "$(TARGET_NAME)";
			};
			name = Release;
		};
		B254B5431ADF5D3D00BF6545 /* Debug */ = {
			isa = XCBuildConfiguration;
			buildSettings = {
				BUNDLE_LOADER = "$(TEST_HOST)";
				FRAMEWORK_SEARCH_PATHS = (
					"$(SDKROOT)/Developer/Library/Frameworks",
					"$(inherited)",
				);
				GCC_PREPROCESSOR_DEFINITIONS = (
					"DEBUG=1",
					"$(inherited)",
				);
				INFOPLIST_FILE = WebServiceFastMovieTests/Info.plist;
				LD_RUNPATH_SEARCH_PATHS = "$(inherited) @executable_path/Frameworks @loader_path/Frameworks";
				PRODUCT_NAME = "$(TARGET_NAME)";
				TEST_HOST = "$(BUILT_PRODUCTS_DIR)/WebServiceFastMovie.app/WebServiceFastMovie";
			};
			name = Debug;
		};
		B254B5441ADF5D3D00BF6545 /* Release */ = {
			isa = XCBuildConfiguration;
			buildSettings = {
				BUNDLE_LOADER = "$(TEST_HOST)";
				FRAMEWORK_SEARCH_PATHS = (
					"$(SDKROOT)/Developer/Library/Frameworks",
					"$(inherited)",
				);
				INFOPLIST_FILE = WebServiceFastMovieTests/Info.plist;
				LD_RUNPATH_SEARCH_PATHS = "$(inherited) @executable_path/Frameworks @loader_path/Frameworks";
				PRODUCT_NAME = "$(TARGET_NAME)";
				TEST_HOST = "$(BUILT_PRODUCTS_DIR)/WebServiceFastMovie.app/WebServiceFastMovie";
			};
			name = Release;
		};
/* End XCBuildConfiguration section */

/* Begin XCConfigurationList section */
		B254B51B1ADF5D3D00BF6545 /* Build configuration list for PBXProject "WebServiceFastMovie" */ = {
			isa = XCConfigurationList;
			buildConfigurations = (
				B254B53D1ADF5D3D00BF6545 /* Debug */,
				B254B53E1ADF5D3D00BF6545 /* Release */,
			);
			defaultConfigurationIsVisible = 0;
			defaultConfigurationName = Release;
		};
		B254B53F1ADF5D3D00BF6545 /* Build configuration list for PBXNativeTarget "WebServiceFastMovie" */ = {
			isa = XCConfigurationList;
			buildConfigurations = (
				B254B5401ADF5D3D00BF6545 /* Debug */,
				B254B5411ADF5D3D00BF6545 /* Release */,
			);
			defaultConfigurationIsVisible = 0;
		};
		B254B5421ADF5D3D00BF6545 /* Build configuration list for PBXNativeTarget "WebServiceFastMovieTests" */ = {
			isa = XCConfigurationList;
			buildConfigurations = (
				B254B5431ADF5D3D00BF6545 /* Debug */,
				B254B5441ADF5D3D00BF6545 /* Release */,
			);
			defaultConfigurationIsVisible = 0;
		};
/* End XCConfigurationList section */
	};
	rootObject = B254B5181ADF5D3D00BF6545 /* Project object */;
}
